
Microsoft Visual Studio Solution File, Format Version 12.00
Project("{FAE04EC0-301F-11D3-BF4B-00C04F79EFBC}") = "Platform22", "Platform22\Platform22.csproj", "{29C3BD02-A747-4B96-9A36-DB99F83A0B5E}"
EndProject
Project("{FAE04EC0-301F-11D3-BF4B-00C04F79EFBC}") = "PaulsTransitData", "PaulsTransitData\PaulsTransitData.csproj", "{A10F1441-D530-4BF3-A672-4B741A42D60F}"
EndProject
Project("{FAE04EC0-301F-11D3-BF4B-00C04F79EFBC}") = "PaulsTransitData.Tests", "PaulsTransitData.Tests\PaulsTransitData.Tests.csproj", "{C21874EE-AEF5-41B5-9C0E-F9D543378127}"
EndProject
Project("{FAE04EC0-301F-11D3-BF4B-00C04F79EFBC}") = "Platform22.Tests", "Platform22.Tests\Platform22.Tests.csproj", "{45CA8737-70AE-4488-8316-EA19519574E6}"
EndProject
Project("{FAE04EC0-301F-11D3-BF4B-00C04F79EFBC}") = "Platform22.AppHost", "Platform22.AppHost\Platform22.AppHost.csproj", "{7B58F9E0-C1DA-421D-9006-415882F4D702}"
EndProject
Project("{FAE04EC0-301F-11D3-BF4B-00C04F79EFBC}") = "Platform22.Orleans", "Platform22.Orleans\Platform22.Orleans.csproj", "{108FA9E5-DD32-4EF5-AE07-1016F6D74566}"
EndProject
Project("{FAE04EC0-301F-11D3-BF4B-00C04F79EFBC}") = "Platform22.OrleansHost", "Platform22.OrleansHost\Platform22.OrleansHost.csproj", "{2835E7E0-63C8-41E3-BB99-444F50317A36}"
EndProject
Global
	GlobalSection(SolutionConfigurationPlatforms) = preSolution
		Debug|Any CPU = Debug|Any CPU
		Debug|x64 = Debug|x64
		Debug|x86 = Debug|x86
		Release|Any CPU = Release|Any CPU
		Release|x64 = Release|x64
		Release|x86 = Release|x86
	EndGlobalSection
	GlobalSection(ProjectConfigurationPlatforms) = postSolution
		{29C3BD02-A747-4B96-9A36-DB99F83A0B5E}.Debug|Any CPU.ActiveCfg = Debug|Any CPU
		{29C3BD02-A747-4B96-9A36-DB99F83A0B5E}.Debug|Any CPU.Build.0 = Debug|Any CPU
		{29C3BD02-A747-4B96-9A36-DB99F83A0B5E}.Debug|x64.ActiveCfg = Debug|Any CPU
		{29C3BD02-A747-4B96-9A36-DB99F83A0B5E}.Debug|x64.Build.0 = Debug|Any CPU
		{29C3BD02-A747-4B96-9A36-DB99F83A0B5E}.Debug|x86.ActiveCfg = Debug|Any CPU
		{29C3BD02-A747-4B96-9A36-DB99F83A0B5E}.Debug|x86.Build.0 = Debug|Any CPU
		{29C3BD02-A747-4B96-9A36-DB99F83A0B5E}.Release|Any CPU.ActiveCfg = Release|Any CPU
		{29C3BD02-A747-4B96-9A36-DB99F83A0B5E}.Release|Any CPU.Build.0 = Release|Any CPU
		{29C3BD02-A747-4B96-9A36-DB99F83A0B5E}.Release|x64.ActiveCfg = Release|Any CPU
		{29C3BD02-A747-4B96-9A36-DB99F83A0B5E}.Release|x64.Build.0 = Release|Any CPU
		{29C3BD02-A747-4B96-9A36-DB99F83A0B5E}.Release|x86.ActiveCfg = Release|Any CPU
		{29C3BD02-A747-4B96-9A36-DB99F83A0B5E}.Release|x86.Build.0 = Release|Any CPU
		{A10F1441-D530-4BF3-A672-4B741A42D60F}.Debug|Any CPU.ActiveCfg = Debug|Any CPU
		{A10F1441-D530-4BF3-A672-4B741A42D60F}.Debug|Any CPU.Build.0 = Debug|Any CPU
		{A10F1441-D530-4BF3-A672-4B741A42D60F}.Debug|x64.ActiveCfg = Debug|Any CPU
		{A10F1441-D530-4BF3-A672-4B741A42D60F}.Debug|x64.Build.0 = Debug|Any CPU
		{A10F1441-D530-4BF3-A672-4B741A42D60F}.Debug|x86.ActiveCfg = Debug|Any CPU
		{A10F1441-D530-4BF3-A672-4B741A42D60F}.Debug|x86.Build.0 = Debug|Any CPU
		{A10F1441-D530-4BF3-A672-4B741A42D60F}.Release|Any CPU.ActiveCfg = Release|Any CPU
		{A10F1441-D530-4BF3-A672-4B741A42D60F}.Release|Any CPU.Build.0 = Release|Any CPU
		{A10F1441-D530-4BF3-A672-4B741A42D60F}.Release|x64.ActiveCfg = Release|Any CPU
		{A10F1441-D530-4BF3-A672-4B741A42D60F}.Release|x64.Build.0 = Release|Any CPU
		{A10F1441-D530-4BF3-A672-4B741A42D60F}.Release|x86.ActiveCfg = Release|Any CPU
		{A10F1441-D530-4BF3-A672-4B741A42D60F}.Release|x86.Build.0 = Release|Any CPU
		{C21874EE-AEF5-41B5-9C0E-F9D543378127}.Debug|Any CPU.ActiveCfg = Debug|Any CPU
		{C21874EE-AEF5-41B5-9C0E-F9D543378127}.Debug|Any CPU.Build.0 = Debug|Any CPU
		{C21874EE-AEF5-41B5-9C0E-F9D543378127}.Debug|x64.ActiveCfg = Debug|Any CPU
		{C21874EE-AEF5-41B5-9C0E-F9D543378127}.Debug|x64.Build.0 = Debug|Any CPU
		{C21874EE-AEF5-41B5-9C0E-F9D543378127}.Debug|x86.ActiveCfg = Debug|Any CPU
		{C21874EE-AEF5-41B5-9C0E-F9D543378127}.Debug|x86.Build.0 = Debug|Any CPU
		{C21874EE-AEF5-41B5-9C0E-F9D543378127}.Release|Any CPU.ActiveCfg = Release|Any CPU
		{C21874EE-AEF5-41B5-9C0E-F9D543378127}.Release|Any CPU.Build.0 = Release|Any CPU
		{C21874EE-AEF5-41B5-9C0E-F9D543378127}.Release|x64.ActiveCfg = Release|Any CPU
		{C21874EE-AEF5-41B5-9C0E-F9D543378127}.Release|x64.Build.0 = Release|Any CPU
		{C21874EE-AEF5-41B5-9C0E-F9D543378127}.Release|x86.ActiveCfg = Release|Any CPU
		{C21874EE-AEF5-41B5-9C0E-F9D543378127}.Release|x86.Build.0 = Release|Any CPU
		{45CA8737-70AE-4488-8316-EA19519574E6}.Debug|Any CPU.ActiveCfg = Debug|Any CPU
		{45CA8737-70AE-4488-8316-EA19519574E6}.Debug|Any CPU.Build.0 = Debug|Any CPU
		{45CA8737-70AE-4488-8316-EA19519574E6}.Debug|x64.ActiveCfg = Debug|Any CPU
		{45CA8737-70AE-4488-8316-EA19519574E6}.Debug|x64.Build.0 = Debug|Any CPU
		{45CA8737-70AE-4488-8316-EA19519574E6}.Debug|x86.ActiveCfg = Debug|Any CPU
		{45CA8737-70AE-4488-8316-EA19519574E6}.Debug|x86.Build.0 = Debug|Any CPU
		{45CA8737-70AE-4488-8316-EA19519574E6}.Release|Any CPU.ActiveCfg = Release|Any CPU
		{45CA8737-70AE-4488-8316-EA19519574E6}.Release|Any CPU.Build.0 = Release|Any CPU
		{45CA8737-70AE-4488-8316-EA19519574E6}.Release|x64.ActiveCfg = Release|Any CPU
		{45CA8737-70AE-4488-8316-EA19519574E6}.Release|x64.Build.0 = Release|Any CPU
		{45CA8737-70AE-4488-8316-EA19519574E6}.Release|x86.ActiveCfg = Release|Any CPU
		{45CA8737-70AE-4488-8316-EA19519574E6}.Release|x86.Build.0 = Release|Any CPU
		{7B58F9E0-C1DA-421D-9006-415882F4D702}.Debug|Any CPU.ActiveCfg = Debug|Any CPU
		{7B58F9E0-C1DA-421D-9006-415882F4D702}.Debug|Any CPU.Build.0 = Debug|Any CPU
		{7B58F9E0-C1DA-421D-9006-415882F4D702}.Debug|x64.ActiveCfg = Debug|Any CPU
		{7B58F9E0-C1DA-421D-9006-415882F4D702}.Debug|x64.Build.0 = Debug|Any CPU
		{7B58F9E0-C1DA-421D-9006-415882F4D702}.Debug|x86.ActiveCfg = Debug|Any CPU
		{7B58F9E0-C1DA-421D-9006-415882F4D702}.Debug|x86.Build.0 = Debug|Any CPU
		{7B58F9E0-C1DA-421D-9006-415882F4D702}.Release|Any CPU.ActiveCfg = Release|Any CPU
		{7B58F9E0-C1DA-421D-9006-415882F4D702}.Release|Any CPU.Build.0 = Release|Any CPU
		{7B58F9E0-C1DA-421D-9006-415882F4D702}.Release|x64.ActiveCfg = Release|Any CPU
		{7B58F9E0-C1DA-421D-9006-415882F4D702}.Release|x64.Build.0 = Release|Any CPU
		{7B58F9E0-C1DA-421D-9006-415882F4D702}.Release|x86.ActiveCfg = Release|Any CPU
		{7B58F9E0-C1DA-421D-9006-415882F4D702}.Release|x86.Build.0 = Release|Any CPU
		{108FA9E5-DD32-4EF5-AE07-1016F6D74566}.Debug|Any CPU.ActiveCfg = Debug|Any CPU
		{108FA9E5-DD32-4EF5-AE07-1016F6D74566}.Debug|Any CPU.Build.0 = Debug|Any CPU
		{108FA9E5-DD32-4EF5-AE07-1016F6D74566}.Debug|x64.ActiveCfg = Debug|Any CPU
		{108FA9E5-DD32-4EF5-AE07-1016F6D74566}.Debug|x64.Build.0 = Debug|Any CPU
		{108FA9E5-DD32-4EF5-AE07-1016F6D74566}.Debug|x86.ActiveCfg = Debug|Any CPU
		{108FA9E5-DD32-4EF5-AE07-1016F6D74566}.Debug|x86.Build.0 = Debug|Any CPU
		{108FA9E5-DD32-4EF5-AE07-1016F6D74566}.Release|Any CPU.ActiveCfg = Release|Any CPU
		{108FA9E5-DD32-4EF5-AE07-1016F6D74566}.Release|Any CPU.Build.0 = Release|Any CPU
		{108FA9E5-DD32-4EF5-AE07-1016F6D74566}.Release|x64.ActiveCfg = Release|Any CPU
		{108FA9E5-DD32-4EF5-AE07-1016F6D74566}.Release|x64.Build.0 = Release|Any CPU
		{108FA9E5-DD32-4EF5-AE07-1016F6D74566}.Release|x86.ActiveCfg = Release|Any CPU
		{108FA9E5-DD32-4EF5-AE07-1016F6D74566}.Release|x86.Build.0 = Release|Any CPU
		{2835E7E0-63C8-41E3-BB99-444F50317A36}.Debug|Any CPU.ActiveCfg = Debug|Any CPU
		{2835E7E0-63C8-41E3-BB99-444F50317A36}.Debug|Any CPU.Build.0 = Debug|Any CPU
		{2835E7E0-63C8-41E3-BB99-444F50317A36}.Debug|x64.ActiveCfg = Debug|Any CPU
		{2835E7E0-63C8-41E3-BB99-444F50317A36}.Debug|x64.Build.0 = Debug|Any CPU
		{2835E7E0-63C8-41E3-BB99-444F50317A36}.Debug|x86.ActiveCfg = Debug|Any CPU
		{2835E7E0-63C8-41E3-BB99-444F50317A36}.Debug|x86.Build.0 = Debug|Any CPU
		{2835E7E0-63C8-41E3-BB99-444F50317A36}.Release|Any CPU.ActiveCfg = Release|Any CPU
		{2835E7E0-63C8-41E3-BB99-444F50317A36}.Release|Any CPU.Build.0 = Release|Any CPU
		{2835E7E0-63C8-41E3-BB99-444F50317A36}.Release|x64.ActiveCfg = Release|Any CPU
		{2835E7E0-63C8-41E3-BB99-444F50317A36}.Release|x64.Build.0 = Release|Any CPU
		{2835E7E0-63C8-41E3-BB99-444F50317A36}.Release|x86.ActiveCfg = Release|Any CPU
		{2835E7E0-63C8-41E3-BB99-444F50317A36}.Release|x86.Build.0 = Release|Any CPU
	EndGlobalSection
	GlobalSection(SolutionProperties) = preSolution
		HideSolutionNode = FALSE
	EndGlobalSection
EndGlobal
